{
  "name": "my-app",
  "version": "1.0.0",
  "lockfileVersion": 3,
  "requires": true,
  "packages": {
    "": {
      "name": "my-app",
      "version": "1.0.0",
      "license": "ISC",
      "dependencies": {
        "@nestjs\/common": "9.0.0"
      }
    },
    "node_modules\/@nestjs\/common": {
      "version": "9.0.0",
      "resolved": "https://registry.npmjs.org\/@nestjs\/common\-9.0.0.tgz",
      "integrity": "sha512-q9P+n+IKo19jI9oHk+dCQrKX+5GqCzUzJ8iW96b9gZ4xOcrV2iRHbzbXj+6333K1RymBPrx/95tH+zU2m5Z3Q==",
      "dependencies": {
        "@nestjs\/core": "9.0.0",
        "reflect-metadata": "^0.1.13"
      }
    },
    "node_modules\/@nestjs\/core": {
      "version": "9.0.0",
      "resolved": "https://registry.npmjs.org\/@nestjs\/core\-9.0.0.tgz",
      "integrity": "sha512-aU0f6S9t0yH6oP\/tV9x35nJ+q+Xz2W+P\/zJ5TI012\/kK6m24u7u4M1o6I7j322j1h3q0y4j1l8p5n2280BiwQ==",
      "dependencies": {
        "rxjs": "^7.2.0"
      }
    },
    "node_modules\/reflect-metadata": {
      "version": "0.1.13",
      "resolved": "https://registry.npmjs.org\/reflect-metadata\-0.1.13.tgz",
      "integrity": "sha512-Ts1Y/anZELhSsjMcU8DTVRj3ClOyMOckMxRK0neK+l/S9vej+OOP3y+UsGp4TkdKUMavs27Gda/VI+GFpmDwA=="
    },
    "node_modules\/rxjs": {
      "version": "7.8.1",
      "resolved": "https://registry.npmjs.org\/rxjs\-7.8.1.tgz",
      "integrity": "sha512-sSeG8uV8DoyLD/E5re/aV7CYZYwynDI5qW5KkdIUeyMYT3kFBf9h9c0e559c3oPX8pVZ2nfb0f20Eaa9eURJQ==",
      "funding": {
        "type": "opencollective",
        "url": "https://opencollective.com/rxjs"
      }
    }
  },
  "dependencies": {
    "@nestjs\/common": {
      "version": "9.0.0",
      "resolved": "https://registry.npmjs.org\/@nestjs\/common\-9.0.0.tgz",
      "integrity": "sha512-q9P+n+IKo19jI9oHk+dCQrKX+5GqCzUzJ8iW96b9gZ4xOcrV2iRHbzbXj+6333K1RymBPrx/95tH+zU2m5Z3Q==",
      "requires": {
        "@nestjs\/core": "9.0.0",
        "reflect-metadata": "^0.1.13"
      }
    },
    "reflect-metadata": {
      "version": "0.1.13",
      "resolved": "https://registry.npmjs.org\/reflect-metadata\-0.1.13.tgz",
      "integrity": "sha512-Ts1Y/anZELhSsjMcU8DTVRj3ClOyMOckMxRK0neK+l/S9vej+OOP3y+UsGp4TkdKUMavs27Gda/VI+GFpmDwA=="
    },
    "rxjs": {
      "version": "7.8.1",
      "resolved": "https://registry.npmjs.org\/rxjs\-7.8.1.tgz",
      "integrity": "sha512-sSeG8uV8DoyLD/E5re/aV7CYZYwynDI5qW5KkdIUeyMYT3kFBf9h9c0e559c3oPX8pVZ2nfb0f20Eaa9eURJQ=="
    }
  }
}